
Microsoft Visual Studio Solution File, Format Version 12.00
# Visual Studio 15
VisualStudioVersion = 15.0.27130.2010
MinimumVisualStudioVersion = 10.0.40219.1
Project("{FAE04EC0-301F-11D3-BF4B-00C04F79EFBC}") = "Yap", "Yap\Yap.csproj", "{E26B8693-69BE-43F2-A39C-911C4B86C654}"
EndProject
Project("{FAE04EC0-301F-11D3-BF4B-00C04F79EFBC}") = "YapView", "YapView\YapView.csproj", "{781FE037-22A0-46AE-8CDB-AD409A334451}"
EndProject
Project("{FAE04EC0-301F-11D3-BF4B-00C04F79EFBC}") = "YapView.Standard", "YapView.Standard\YapView.Standard.csproj", "{100E71C7-9AA2-44E6-B0D7-037642F67404}"
EndProject
Global
	GlobalSection(SolutionConfigurationPlatforms) = preSolution
		Debug|Any CPU = Debug|Any CPU
		Release|Any CPU = Release|Any CPU
	EndGlobalSection
	GlobalSection(ProjectConfigurationPlatforms) = postSolution
		{E26B8693-69BE-43F2-A39C-911C4B86C654}.Debug|Any CPU.ActiveCfg = Debug|Any CPU
		{E26B8693-69BE-43F2-A39C-911C4B86C654}.Debug|Any CPU.Build.0 = Debug|Any CPU
		{E26B8693-69BE-43F2-A39C-911C4B86C654}.Release|Any CPU.ActiveCfg = Release|Any CPU
		{E26B8693-69BE-43F2-A39C-911C4B86C654}.Release|Any CPU.Build.0 = Release|Any CPU
		{781FE037-22A0-46AE-8CDB-AD409A334451}.Debug|Any CPU.ActiveCfg = Debug|Any CPU
		{781FE037-22A0-46AE-8CDB-AD409A334451}.Debug|Any CPU.Build.0 = Debug|Any CPU
		{781FE037-22A0-46AE-8CDB-AD409A334451}.Release|Any CPU.ActiveCfg = Release|Any CPU
		{781FE037-22A0-46AE-8CDB-AD409A334451}.Release|Any CPU.Build.0 = Release|Any CPU
		{100E71C7-9AA2-44E6-B0D7-037642F67404}.Debug|Any CPU.ActiveCfg = Debug|Any CPU
		{100E71C7-9AA2-44E6-B0D7-037642F67404}.Debug|Any CPU.Build.0 = Debug|Any CPU
		{100E71C7-9AA2-44E6-B0D7-037642F67404}.Release|Any CPU.ActiveCfg = Release|Any CPU
		{100E71C7-9AA2-44E6-B0D7-037642F67404}.Release|Any CPU.Build.0 = Release|Any CPU
	EndGlobalSection
	GlobalSection(SolutionProperties) = preSolution
		HideSolutionNode = FALSE
	EndGlobalSection
	GlobalSection(ExtensibilityGlobals) = postSolution
		SolutionGuid = {48DBE1AB-B5A0-4C2B-9936-599583AB40E0}
	EndGlobalSection
EndGlobal
